// !$*UTF8*$!
{
	archiveVersion = 1;
	classes = {
	};
	objectVersion = 56;
	objects = {

/* Begin PBXBuildFile section */
		B4640D262AD99B8200ED85F8 /* AppDelegate.swift in Sources */ = {isa = PBXBuildFile; fileRef = B4640D252AD99B8200ED85F8 /* AppDelegate.swift */; };
		B4640D282AD99B8200ED85F8 /* SceneDelegate.swift in Sources */ = {isa = PBXBuildFile; fileRef = B4640D272AD99B8200ED85F8 /* SceneDelegate.swift */; };
		B4640D2A2AD99B8200ED85F8 /* CardGameViewController.swift in Sources */ = {isa = PBXBuildFile; fileRef = B4640D292AD99B8200ED85F8 /* CardGameViewController.swift */; };
		B4640D2D2AD99B8200ED85F8 /* Main.storyboard in Resources */ = {isa = PBXBuildFile; fileRef = B4640D2B2AD99B8200ED85F8 /* Main.storyboard */; };
		B4640D302AD99B8200ED85F8 /* CardGame.xcdatamodeld in Sources */ = {isa = PBXBuildFile; fileRef = B4640D2E2AD99B8200ED85F8 /* CardGame.xcdatamodeld */; };
		B4640D322AD99B8300ED85F8 /* Assets.xcassets in Resources */ = {isa = PBXBuildFile; fileRef = B4640D312AD99B8300ED85F8 /* Assets.xcassets */; };
		B4640D352AD99B8300ED85F8 /* LaunchScreen.storyboard in Resources */ = {isa = PBXBuildFile; fileRef = B4640D332AD99B8300ED85F8 /* LaunchScreen.storyboard */; };
		B4640D3E2ADA997100ED85F8 /* CardGameStore.swift in Sources */ = {isa = PBXBuildFile; fileRef = B4640D3D2ADA997100ED85F8 /* CardGameStore.swift */; };
		B4640D402ADAA06500ED85F8 /* StartViewController.swift in Sources */ = {isa = PBXBuildFile; fileRef = B4640D3F2ADAA06500ED85F8 /* StartViewController.swift */; };
		B4640D422ADAA08C00ED85F8 /* StatisticsViewController.swift in Sources */ = {isa = PBXBuildFile; fileRef = B4640D412ADAA08C00ED85F8 /* StatisticsViewController.swift */; };
		B4640D462ADAEB5800ED85F8 /* StatisticsCell.swift in Sources */ = {isa = PBXBuildFile; fileRef = B4640D452ADAEB5800ED85F8 /* StatisticsCell.swift */; };
		B4640D492ADBE6C200ED85F8 /* StatisticsViewModel.swift in Sources */ = {isa = PBXBuildFile; fileRef = B4640D482ADBE6C200ED85F8 /* StatisticsViewModel.swift */; };
/* End PBXBuildFile section */

/* Begin PBXFileReference section */
		B4640D222AD99B8200ED85F8 /* CardGame.app */ = {isa = PBXFileReference; explicitFileType = wrapper.application; includeInIndex = 0; path = CardGame.app; sourceTree = BUILT_PRODUCTS_DIR; };
		B4640D252AD99B8200ED85F8 /* AppDelegate.swift */ = {isa = PBXFileReference; lastKnownFileType = sourcecode.swift; path = AppDelegate.swift; sourceTree = "<group>"; };
		B4640D272AD99B8200ED85F8 /* SceneDelegate.swift */ = {isa = PBXFileReference; lastKnownFileType = sourcecode.swift; path = SceneDelegate.swift; sourceTree = "<group>"; };
		B4640D292AD99B8200ED85F8 /* CardGameViewController.swift */ = {isa = PBXFileReference; lastKnownFileType = sourcecode.swift; path = CardGameViewController.swift; sourceTree = "<group>"; };
		B4640D2C2AD99B8200ED85F8 /* Base */ = {isa = PBXFileReference; lastKnownFileType = file.storyboard; name = Base; path = Base.lproj/Main.storyboard; sourceTree = "<group>"; };
		B4640D2F2AD99B8200ED85F8 /* CardGame.xcdatamodel */ = {isa = PBXFileReference; lastKnownFileType = wrapper.xcdatamodel; path = CardGame.xcdatamodel; sourceTree = "<group>"; };
		B4640D312AD99B8300ED85F8 /* Assets.xcassets */ = {isa = PBXFileReference; lastKnownFileType = folder.assetcatalog; path = Assets.xcassets; sourceTree = "<group>"; };
		B4640D342AD99B8300ED85F8 /* Base */ = {isa = PBXFileReference; lastKnownFileType = file.storyboard; name = Base; path = Base.lproj/LaunchScreen.storyboard; sourceTree = "<group>"; };
		B4640D362AD99B8300ED85F8 /* Info.plist */ = {isa = PBXFileReference; lastKnownFileType = text.plist.xml; path = Info.plist; sourceTree = "<group>"; };
		B4640D3D2ADA997100ED85F8 /* CardGameStore.swift */ = {isa = PBXFileReference; lastKnownFileType = sourcecode.swift; path = CardGameStore.swift; sourceTree = "<group>"; };
		B4640D3F2ADAA06500ED85F8 /* StartViewController.swift */ = {isa = PBXFileReference; lastKnownFileType = sourcecode.swift; path = StartViewController.swift; sourceTree = "<group>"; };
		B4640D412ADAA08C00ED85F8 /* StatisticsViewController.swift */ = {isa = PBXFileReference; lastKnownFileType = sourcecode.swift; path = StatisticsViewController.swift; sourceTree = "<group>"; };
		B4640D452ADAEB5800ED85F8 /* StatisticsCell.swift */ = {isa = PBXFileReference; lastKnownFileType = sourcecode.swift; path = StatisticsCell.swift; sourceTree = "<group>"; };
		B4640D482ADBE6C200ED85F8 /* StatisticsViewModel.swift */ = {isa = PBXFileReference; lastKnownFileType = sourcecode.swift; path = StatisticsViewModel.swift; sourceTree = "<group>"; };
/* End PBXFileReference section */

/* Begin PBXFrameworksBuildPhase section */
		B4640D1F2AD99B8200ED85F8 /* Frameworks */ = {
			isa = PBXFrameworksBuildPhase;
			buildActionMask = 2147483647;
			files = (
			);
			runOnlyForDeploymentPostprocessing = 0;
		};
/* End PBXFrameworksBuildPhase section */

/* Begin PBXGroup section */
		B4640D192AD99B8200ED85F8 = {
			isa = PBXGroup;
			children = (
				B4640D242AD99B8200ED85F8 /* CardGame */,
				B4640D232AD99B8200ED85F8 /* Products */,
			);
			sourceTree = "<group>";
		};
		B4640D232AD99B8200ED85F8 /* Products */ = {
			isa = PBXGroup;
			children = (
				B4640D222AD99B8200ED85F8 /* CardGame.app */,
			);
			name = Products;
			sourceTree = "<group>";
		};
		B4640D242AD99B8200ED85F8 /* CardGame */ = {
			isa = PBXGroup;
			children = (
				B4640D252AD99B8200ED85F8 /* AppDelegate.swift */,
				B4640D272AD99B8200ED85F8 /* SceneDelegate.swift */,
				B4640D442ADAA79000ED85F8 /* UI */,
				B4640D3C2ADA987E00ED85F8 /* CoreData */,
				B4640D432ADAA3DD00ED85F8 /* Supporting Files */,
				B4640D362AD99B8300ED85F8 /* Info.plist */,
			);
			path = CardGame;
			sourceTree = "<group>";
		};
		B4640D3C2ADA987E00ED85F8 /* CoreData */ = {
			isa = PBXGroup;
			children = (
				B4640D2E2AD99B8200ED85F8 /* CardGame.xcdatamodeld */,
				B4640D3D2ADA997100ED85F8 /* CardGameStore.swift */,
			);
			path = CoreData;
			sourceTree = "<group>";
		};
		B4640D432ADAA3DD00ED85F8 /* Supporting Files */ = {
			isa = PBXGroup;
			children = (
				B4640D2B2AD99B8200ED85F8 /* Main.storyboard */,
				B4640D312AD99B8300ED85F8 /* Assets.xcassets */,
				B4640D332AD99B8300ED85F8 /* LaunchScreen.storyboard */,
			);
			path = "Supporting Files";
			sourceTree = "<group>";
		};
		B4640D442ADAA79000ED85F8 /* UI */ = {
			isa = PBXGroup;
			children = (
				B4640D292AD99B8200ED85F8 /* CardGameViewController.swift */,
				B4640D3F2ADAA06500ED85F8 /* StartViewController.swift */,
				B4640D472ADBE69600ED85F8 /* Statistics */,
			);
			path = UI;
			sourceTree = "<group>";
		};
		B4640D472ADBE69600ED85F8 /* Statistics */ = {
			isa = PBXGroup;
			children = (
				B4640D4C2ADBE6F300ED85F8 /* ViewController */,
				B4640D4B2ADBE6E500ED85F8 /* ViewModel */,
				B4640D4A2ADBE6D700ED85F8 /* View */,
			);
			path = Statistics;
			sourceTree = "<group>";
		};
		B4640D4A2ADBE6D700ED85F8 /* View */ = {
			isa = PBXGroup;
			children = (
				B4640D452ADAEB5800ED85F8 /* StatisticsCell.swift */,
			);
			path = View;
			sourceTree = "<group>";
		};
		B4640D4B2ADBE6E500ED85F8 /* ViewModel */ = {
			isa = PBXGroup;
			children = (
				B4640D482ADBE6C200ED85F8 /* StatisticsViewModel.swift */,
			);
			path = ViewModel;
			sourceTree = "<group>";
		};
		B4640D4C2ADBE6F300ED85F8 /* ViewController */ = {
			isa = PBXGroup;
			children = (
				B4640D412ADAA08C00ED85F8 /* StatisticsViewController.swift */,
			);
			path = ViewController;
			sourceTree = "<group>";
		};
/* End PBXGroup section */

/* Begin PBXNativeTarget section */
		B4640D212AD99B8200ED85F8 /* CardGame */ = {
			isa = PBXNativeTarget;
			buildConfigurationList = B4640D392AD99B8300ED85F8 /* Build configuration list for PBXNativeTarget "CardGame" */;
			buildPhases = (
				B4640D1E2AD99B8200ED85F8 /* Sources */,
				B4640D1F2AD99B8200ED85F8 /* Frameworks */,
				B4640D202AD99B8200ED85F8 /* Resources */,
			);
			buildRules = (
			);
			dependencies = (
			);
			name = CardGame;
			productName = CardGame;
			productReference = B4640D222AD99B8200ED85F8 /* CardGame.app */;
			productType = "com.apple.product-type.application";
		};
/* End PBXNativeTarget section */

/* Begin PBXProject section */
		B4640D1A2AD99B8200ED85F8 /* Project object */ = {
			isa = PBXProject;
			attributes = {
				BuildIndependentTargetsInParallel = 1;
				LastSwiftUpdateCheck = 1420;
				LastUpgradeCheck = 1420;
				TargetAttributes = {
					B4640D212AD99B8200ED85F8 = {
						CreatedOnToolsVersion = 14.2;
					};
				};
			};
			buildConfigurationList = B4640D1D2AD99B8200ED85F8 /* Build configuration list for PBXProject "CardGame" */;
			compatibilityVersion = "Xcode 14.0";
			developmentRegion = en;
			hasScannedForEncodings = 0;
			knownRegions = (
				en,
				Base,
			);
			mainGroup = B4640D192AD99B8200ED85F8;
			productRefGroup = B4640D232AD99B8200ED85F8 /* Products */;
			projectDirPath = "";
			projectRoot = "";
			targets = (
				B4640D212AD99B8200ED85F8 /* CardGame */,
			);
		};
/* End PBXProject section */

/* Begin PBXResourcesBuildPhase section */
		B4640D202AD99B8200ED85F8 /* Resources */ = {
			isa = PBXResourcesBuildPhase;
			buildActionMask = 2147483647;
			files = (
				B4640D352AD99B8300ED85F8 /* LaunchScreen.storyboard in Resources */,
				B4640D322AD99B8300ED85F8 /* Assets.xcassets in Resources */,
				B4640D2D2AD99B8200ED85F8 /* Main.storyboard in Resources */,
			);
			runOnlyForDeploymentPostprocessing = 0;
		};
/* End PBXResourcesBuildPhase section */

/* Begin PBXSourcesBuildPhase section */
		B4640D1E2AD99B8200ED85F8 /* Sources */ = {
			isa = PBXSourcesBuildPhase;
			buildActionMask = 2147483647;
			files = (
				B4640D2A2AD99B8200ED85F8 /* CardGameViewController.swift in Sources */,
				B4640D302AD99B8200ED85F8 /* CardGame.xcdatamodeld in Sources */,
				B4640D262AD99B8200ED85F8 /* AppDelegate.swift in Sources */,
				B4640D282AD99B8200ED85F8 /* SceneDelegate.swift in Sources */,
				B4640D3E2ADA997100ED85F8 /* CardGameStore.swift in Sources */,
				B4640D402ADAA06500ED85F8 /* StartViewController.swift in Sources */,
				B4640D462ADAEB5800ED85F8 /* StatisticsCell.swift in Sources */,
				B4640D422ADAA08C00ED85F8 /* StatisticsViewController.swift in Sources */,
				B4640D492ADBE6C200ED85F8 /* StatisticsViewModel.swift in Sources */,
			);
			runOnlyForDeploymentPostprocessing = 0;
		};
/* End PBXSourcesBuildPhase section */

/* Begin PBXVariantGroup section */
		B4640D2B2AD99B8200ED85F8 /* Main.storyboard */ = {
			isa = PBXVariantGroup;
			children = (
				B4640D2C2AD99B8200ED85F8 /* Base */,
			);
			name = Main.storyboard;
			sourceTree = "<group>";
		};
		B4640D332AD99B8300ED85F8 /* LaunchScreen.storyboard */ = {
			isa = PBXVariantGroup;
			children = (
				B4640D342AD99B8300ED85F8 /* Base */,
			);
			name = LaunchScreen.storyboard;
			sourceTree = "<group>";
		};
/* End PBXVariantGroup section */

/* Begin XCBuildConfiguration section */
		B4640D372AD99B8300ED85F8 /* Debug */ = {
			isa = XCBuildConfiguration;
			buildSettings = {
				ALWAYS_SEARCH_USER_PATHS = NO;
				CLANG_ANALYZER_NONNULL = YES;
				CLANG_ANALYZER_NUMBER_OBJECT_CONVERSION = YES_AGGRESSIVE;
				CLANG_CXX_LANGUAGE_STANDARD = "gnu++20";
				CLANG_ENABLE_MODULES = YES;
				CLANG_ENABLE_OBJC_ARC = YES;
				CLANG_ENABLE_OBJC_WEAK = YES;
				CLANG_WARN_BLOCK_CAPTURE_AUTORELEASING = YES;
				CLANG_WARN_BOOL_CONVERSION = YES;
				CLANG_WARN_COMMA = YES;
				CLANG_WARN_CONSTANT_CONVERSION = YES;
				CLANG_WARN_DEPRECATED_OBJC_IMPLEMENTATIONS = YES;
				CLANG_WARN_DIRECT_OBJC_ISA_USAGE = YES_ERROR;
				CLANG_WARN_DOCUMENTATION_COMMENTS = YES;
				CLANG_WARN_EMPTY_BODY = YES;
				CLANG_WARN_ENUM_CONVERSION = YES;
				CLANG_WARN_INFINITE_RECURSION = YES;
				CLANG_WARN_INT_CONVERSION = YES;
				CLANG_WARN_NON_LITERAL_NULL_CONVERSION = YES;
				CLANG_WARN_OBJC_IMPLICIT_RETAIN_SELF = YES;
				CLANG_WARN_OBJC_LITERAL_CONVERSION = YES;
				CLANG_WARN_OBJC_ROOT_CLASS = YES_ERROR;
				CLANG_WARN_QUOTED_INCLUDE_IN_FRAMEWORK_HEADER = YES;
				CLANG_WARN_RANGE_LOOP_ANALYSIS = YES;
				CLANG_WARN_STRICT_PROTOTYPES = YES;
				CLANG_WARN_SUSPICIOUS_MOVE = YES;
				CLANG_WARN_UNGUARDED_AVAILABILITY = YES_AGGRESSIVE;
				CLANG_WARN_UNREACHABLE_CODE = YES;
				CLANG_WARN__DUPLICATE_METHOD_MATCH = YES;
				COPY_PHASE_STRIP = NO;
				DEBUG_INFORMATION_FORMAT = dwarf;
				ENABLE_STRICT_OBJC_MSGSEND = YES;
				ENABLE_TESTABILITY = YES;
				GCC_C_LANGUAGE_STANDARD = gnu11;
				GCC_DYNAMIC_NO_PIC = NO;
				GCC_NO_COMMON_BLOCKS = YES;
				GCC_OPTIMIZATION_LEVEL = 0;
				GCC_PREPROCESSOR_DEFINITIONS = (
					"DEBUG=1",
					"$(inherited)",
				);
				GCC_WARN_64_TO_32_BIT_CONVERSION = YES;
				GCC_WARN_ABOUT_RETURN_TYPE = YES_ERROR;
				GCC_WARN_UNDECLARED_SELECTOR = YES;
				GCC_WARN_UNINITIALIZED_AUTOS = YES_AGGRESSIVE;
				GCC_WARN_UNUSED_FUNCTION = YES;
				GCC_WARN_UNUSED_VARIABLE = YES;
				IPHONEOS_DEPLOYMENT_TARGET = 16.2;
				MTL_ENABLE_DEBUG_INFO = INCLUDE_SOURCE;
				MTL_FAST_MATH = YES;
				ONLY_ACTIVE_ARCH = YES;
				SDKROOT = iphoneos;
				SWIFT_ACTIVE_COMPILATION_CONDITIONS = DEBUG;
				SWIFT_OPTIMIZATION_LEVEL = "-Onone";
			};
			name = Debug;
		};
		B4640D382AD99B8300ED85F8 /* Release */ = {
			isa = XCBuildConfiguration;
			buildSettings = {
				ALWAYS_SEARCH_USER_PATHS = NO;
				CLANG_ANALYZER_NONNULL = YES;
				CLANG_ANALYZER_NUMBER_OBJECT_CONVERSION = YES_AGGRESSIVE;
				CLANG_CXX_LANGUAGE_STANDARD = "gnu++20";
				CLANG_ENABLE_MODULES = YES;
				CLANG_ENABLE_OBJC_ARC = YES;
				CLANG_ENABLE_OBJC_WEAK = YES;
				CLANG_WARN_BLOCK_CAPTURE_AUTORELEASING = YES;
				CLANG_WARN_BOOL_CONVERSION = YES;
				CLANG_WARN_COMMA = YES;
				CLANG_WARN_CONSTANT_CONVERSION = YES;
				CLANG_WARN_DEPRECATED_OBJC_IMPLEMENTATIONS = YES;
				CLANG_WARN_DIRECT_OBJC_ISA_USAGE = YES_ERROR;
				CLANG_WARN_DOCUMENTATION_COMMENTS = YES;
				CLANG_WARN_EMPTY_BODY = YES;
				CLANG_WARN_ENUM_CONVERSION = YES;
				CLANG_WARN_INFINITE_RECURSION = YES;
				CLANG_WARN_INT_CONVERSION = YES;
				CLANG_WARN_NON_LITERAL_NULL_CONVERSION = YES;
				CLANG_WARN_OBJC_IMPLICIT_RETAIN_SELF = YES;
				CLANG_WARN_OBJC_LITERAL_CONVERSION = YES;
				CLANG_WARN_OBJC_ROOT_CLASS = YES_ERROR;
				CLANG_WARN_QUOTED_INCLUDE_IN_FRAMEWORK_HEADER = YES;
				CLANG_WARN_RANGE_LOOP_ANALYSIS = YES;
				CLANG_WARN_STRICT_PROTOTYPES = YES;
				CLANG_WARN_SUSPICIOUS_MOVE = YES;
				CLANG_WARN_UNGUARDED_AVAILABILITY = YES_AGGRESSIVE;
				CLANG_WARN_UNREACHABLE_CODE = YES;
				CLANG_WARN__DUPLICATE_METHOD_MATCH = YES;
				COPY_PHASE_STRIP = NO;
				DEBUG_INFORMATION_FORMAT = "dwarf-with-dsym";
				ENABLE_NS_ASSERTIONS = NO;
				ENABLE_STRICT_OBJC_MSGSEND = YES;
				GCC_C_LANGUAGE_STANDARD = gnu11;
				GCC_NO_COMMON_BLOCKS = YES;
				GCC_WARN_64_TO_32_BIT_CONVERSION = YES;
				GCC_WARN_ABOUT_RETURN_TYPE = YES_ERROR;
				GCC_WARN_UNDECLARED_SELECTOR = YES;
				GCC_WARN_UNINITIALIZED_AUTOS = YES_AGGRESSIVE;
				GCC_WARN_UNUSED_FUNCTION = YES;
				GCC_WARN_UNUSED_VARIABLE = YES;
				IPHONEOS_DEPLOYMENT_TARGET = 16.2;
				MTL_ENABLE_DEBUG_INFO = NO;
				MTL_FAST_MATH = YES;
				SDKROOT = iphoneos;
				SWIFT_COMPILATION_MODE = wholemodule;
				SWIFT_OPTIMIZATION_LEVEL = "-O";
				VALIDATE_PRODUCT = YES;
			};
			name = Release;
		};
		B4640D3A2AD99B8300ED85F8 /* Debug */ = {
			isa = XCBuildConfiguration;
			buildSettings = {
				ASSETCATALOG_COMPILER_APPICON_NAME = AppIcon;
				ASSETCATALOG_COMPILER_GLOBAL_ACCENT_COLOR_NAME = AccentColor;
				CODE_SIGN_STYLE = Automatic;
				CURRENT_PROJECT_VERSION = 1;
				DEVELOPMENT_TEAM = 8NG4R6TNYK;
				GENERATE_INFOPLIST_FILE = YES;
				INFOPLIST_FILE = CardGame/Info.plist;
				INFOPLIST_KEY_LSApplicationCategoryType = "";
				INFOPLIST_KEY_UIApplicationSupportsIndirectInputEvents = YES;
				INFOPLIST_KEY_UILaunchStoryboardName = LaunchScreen;
				INFOPLIST_KEY_UIMainStoryboardFile = Main;
				INFOPLIST_KEY_UISupportedInterfaceOrientations_iPad = "UIInterfaceOrientationPortrait UIInterfaceOrientationPortraitUpsideDown UIInterfaceOrientationLandscapeLeft UIInterfaceOrientationLandscapeRight";
				INFOPLIST_KEY_UISupportedInterfaceOrientations_iPhone = "UIInterfaceOrientationPortrait UIInterfaceOrientationLandscapeLeft UIInterfaceOrientationLandscapeRight";
				IPHONEOS_DEPLOYMENT_TARGET = 13.1;
				LD_RUNPATH_SEARCH_PATHS = (
					"$(inherited)",
					"@executable_path/Frameworks",
				);
				MARKETING_VERSION = 1.0;
				PRODUCT_BUNDLE_IDENTIFIER = nemychenkov.CardGame;
				PRODUCT_NAME = "$(TARGET_NAME)";
				SWIFT_EMIT_LOC_STRINGS = YES;
				SWIFT_VERSION = 5.0;
				TARGETED_DEVICE_FAMILY = "1,2";
			};
			name = Debug;
		};
		B4640D3B2AD99B8300ED85F8 /* Release */ = {
			isa = XCBuildConfiguration;
			buildSettings = {
				ASSETCATALOG_COMPILER_APPICON_NAME = AppIcon;
				ASSETCATALOG_COMPILER_GLOBAL_ACCENT_COLOR_NAME = AccentColor;
				CODE_SIGN_STYLE = Automatic;
				CURRENT_PROJECT_VERSION = 1;
				DEVELOPMENT_TEAM = 8NG4R6TNYK;
				GENERATE_INFOPLIST_FILE = YES;
				INFOPLIST_FILE = CardGame/Info.plist;
				INFOPLIST_KEY_LSApplicationCategoryType = "";
				INFOPLIST_KEY_UIApplicationSupportsIndirectInputEvents = YES;
				INFOPLIST_KEY_UILaunchStoryboardName = LaunchScreen;
				INFOPLIST_KEY_UIMainStoryboardFile = Main;
				INFOPLIST_KEY_UISupportedInterfaceOrientations_iPad = "UIInterfaceOrientationPortrait UIInterfaceOrientationPortraitUpsideDown UIInterfaceOrientationLandscapeLeft UIInterfaceOrientationLandscapeRight";
				INFOPLIST_KEY_UISupportedInterfaceOrientations_iPhone = "UIInterfaceOrientationPortrait UIInterfaceOrientationLandscapeLeft UIInterfaceOrientationLandscapeRight";
				IPHONEOS_DEPLOYMENT_TARGET = 13.1;
				LD_RUNPATH_SEARCH_PATHS = (
					"$(inherited)",
					"@executable_path/Frameworks",
				);
				MARKETING_VERSION = 1.0;
				PRODUCT_BUNDLE_IDENTIFIER = nemychenkov.CardGame;
				PRODUCT_NAME = "$(TARGET_NAME)";
				SWIFT_EMIT_LOC_STRINGS = YES;
				SWIFT_VERSION = 5.0;
				TARGETED_DEVICE_FAMILY = "1,2";
			};
			name = Release;
		};
/* End XCBuildConfiguration section */

/* Begin XCConfigurationList section */
		B4640D1D2AD99B8200ED85F8 /* Build configuration list for PBXProject "CardGame" */ = {
			isa = XCConfigurationList;
			buildConfigurations = (
				B4640D372AD99B8300ED85F8 /* Debug */,
				B4640D382AD99B8300ED85F8 /* Release */,
			);
			defaultConfigurationIsVisible = 0;
			defaultConfigurationName = Release;
		};
		B4640D392AD99B8300ED85F8 /* Build configuration list for PBXNativeTarget "CardGame" */ = {
			isa = XCConfigurationList;
			buildConfigurations = (
				B4640D3A2AD99B8300ED85F8 /* Debug */,
				B4640D3B2AD99B8300ED85F8 /* Release */,
			);
			defaultConfigurationIsVisible = 0;
			defaultConfigurationName = Release;
		};
/* End XCConfigurationList section */

/* Begin XCVersionGroup section */
		B4640D2E2AD99B8200ED85F8 /* CardGame.xcdatamodeld */ = {
			isa = XCVersionGroup;
			children = (
				B4640D2F2AD99B8200ED85F8 /* CardGame.xcdatamodel */,
			);
			currentVersion = B4640D2F2AD99B8200ED85F8 /* CardGame.xcdatamodel */;
			path = CardGame.xcdatamodeld;
			sourceTree = "<group>";
			versionGroupType = wrapper.xcdatamodel;
		};
/* End XCVersionGroup section */
	};
	rootObject = B4640D1A2AD99B8200ED85F8 /* Project object */;
}
